<?xml version="1.0" encoding="utf-8"?>
<Project ToolsVersion="4.0" xmlns="http://schemas.microsoft.com/developer/msbuild/2003">
  <ItemGroup>
    <Filter Include="源文件">
      <UniqueIdentifier>{4FC737F1-C7A5-4376-A066-2A32D752A2FF}</UniqueIdentifier>
      <Extensions>cpp;c;cc;cxx;def;odl;idl;hpj;bat;asm;asmx</Extensions>
    </Filter>
    <Filter Include="头文件">
      <UniqueIdentifier>{93995380-89BD-4b04-88EB-625FBE52EBFB}</UniqueIdentifier>
      <Extensions>h;hh;hpp;hxx;hm;inl;inc;ipp;xsd</Extensions>
    </Filter>
    <Filter Include="资源文件">
      <UniqueIdentifier>{67DA6AB6-F800-4c08-8B7A-83BB121AAD01}</UniqueIdentifier>
      <Extensions>rc;ico;cur;bmp;dlg;rc2;rct;bin;rgs;gif;jpg;jpeg;jpe;resx;tiff;tif;png;wav;mfcribbon-ms</Extensions>
    </Filter>
  </ItemGroup>
  <ItemGroup>
    <ClCompile Include="QMCFindDevice.cpp">
      <Filter>源文件</Filter>
    </ClCompile>
    <ClCompile Include="net_helper\net_helper.cpp">
      <Filter>源文件</Filter>
    </ClCompile>
    <ClCompile Include="main.cpp">
      <Filter>源文件</Filter>
    </ClCompile>
    <ClCompile Include="UDPCommunication.cpp">
      <Filter>源文件</Filter>
    </ClCompile>
  </ItemGroup>
  <ItemGroup>
    <ClInclude Include="QMCFindDevice.h">
      <Filter>头文件</Filter>
    </ClInclude>
    <ClInclude Include="net_helper\net_helper.h">
      <Filter>头文件</Filter>
    </ClInclude>
    <ClInclude Include="UDPCommunication.h">
      <Filter>头文件</Filter>
    </ClInclude>
    <ClInclude Include="WinPcap\Include\pcap-stdinc.h">
      <Filter>头文件</Filter>
    </ClInclude>
    <ClInclude Include="WinPcap\Include\Win32-Extensions.h">
      <Filter>头文件</Filter>
    </ClInclude>
    <ClInclude Include="WinPcap\Include\remote-ext.h">
      <Filter>头文件</Filter>
    </ClInclude>
    <ClInclude Include="WinPcap\Include\pcap-namedb.h">
      <Filter>头文件</Filter>
    </ClInclude>
    <ClInclude Include="WinPcap\Include\bittypes.h">
      <Filter>头文件</Filter>
    </ClInclude>
    <ClInclude Include="WinPcap\Include\ip6_misc.h">
      <Filter>头文件</Filter>
    </ClInclude>
    <ClInclude Include="WinPcap\Include\Packet32.h">
      <Filter>头文件</Filter>
    </ClInclude>
    <ClInclude Include="WinPcap\Include\pcap.h">
      <Filter>头文件</Filter>
    </ClInclude>
    <ClInclude Include="WinPcap\Include\pcap-bpf.h">
      <Filter>头文件</Filter>
    </ClInclude>
    <ClInclude Include="WinPcap\Include\pcap\vlan.h">
      <Filter>头文件</Filter>
    </ClInclude>
    <ClInclude Include="WinPcap\Include\pcap\bluetooth.h">
      <Filter>头文件</Filter>
    </ClInclude>
    <ClInclude Include="WinPcap\Include\pcap\bpf.h">
      <Filter>头文件</Filter>
    </ClInclude>
    <ClInclude Include="WinPcap\Include\pcap\namedb.h">
      <Filter>头文件</Filter>
    </ClInclude>
    <ClInclude Include="WinPcap\Include\pcap\pcap.h">
      <Filter>头文件</Filter>
    </ClInclude>
    <ClInclude Include="WinPcap\Include\pcap\sll.h">
      <Filter>头文件</Filter>
    </ClInclude>
    <ClInclude Include="WinPcap\Include\pcap\usb.h">
      <Filter>头文件</Filter>
    </ClInclude>
  </ItemGroup>
</Project>